{
    "_meta": {
        "hash": {
            "sha256": "4df577e2498dedc33b5e14d9b0d1a6fd225f73b22952e6ed11d00e5d909a6873"
        },
        "host-environment-markers": {
            "implementation_name": "cpython",
            "implementation_version": "3.6.3",
            "os_name": "posix",
            "platform_machine": "x86_64",
            "platform_python_implementation": "CPython",
            "platform_release": "3.13.0-133-generic",
            "platform_system": "Linux",
            "platform_version": "#182-Ubuntu SMP Tue Sep 19 15:49:21 UTC 2017",
            "python_full_version": "3.6.3",
            "python_version": "3.6",
            "sys_platform": "linux"
        },
        "pipfile-spec": 6,
        "requires": {},
        "sources": [
            {
                "name": "pypi",
                "url": "https://pypi.python.org/simple",
                "verify_ssl": true
            }
        ]
    },
    "default": {
        "invoke": {
            "hashes": [
                "sha256:6f3ab4d54b32ad1c679de7a100cf36260fb06394e0722ad49f3ed40a4f7f61db",
                "sha256:3b15214b0e2635ec26ffa86c56a12d9f7c5d76f427ad5cd4f6767720460175be",
                "sha256:ab3b4cad44df0fda3918fd4c8dbfd3eaac52df5b95cedd5381856d132fbb676c"
            ],
            "version": "==0.21.0"
        }
    },
    "develop": {}
}
